{
  "requires": true,
  "lockfileVersion": 1,
  "dependencies": {
    "@angular/fire": {
      "version": "5.4.2",
      "resolved": "https://registry.npmjs.org/@angular/fire/-/fire-5.4.2.tgz",
      "integrity": "sha512-QzB5d1wtqr9jxfsVNv2+569MlfK4/QrrpNy0IngOHdxS4FBbXqMOcx37iv1m2mzJv9zlGUddUX44IZP5Xfb3cw=="
    },
    "angularfire2": {
      "version": "5.4.2",
      "resolved": "https://registry.npmjs.org/angularfire2/-/angularfire2-5.4.2.tgz",
      "integrity": "sha512-7brktOHPObHgMnCN+QkakyCBr2mnxMxMSVLlEZ7OF70LjFIQz/RV3t5a7cH1SjystbY+kzR3qYvn/irlWs27/Q==",
      "requires": {
        "@angular/fire": "5.4.2"
      }
    }
  }
}
